{
  "name": "fakerdata",
  "version": "1.0.0",
  "lockfileVersion": 2,
  "requires": true,
  "packages": {
    "": {
      "name": "fakerdata",
      "version": "1.0.0",
      "license": "ISC",
      "dependencies": {
        "csv-writer": "^1.6.0",
        "fs": "^0.0.1-security"
      },
      "devDependencies": {
        "@faker-js/faker": "^8.4.1",
        "@types/node": "^20.14.14"
      }
    },
    "node_modules/@faker-js/faker": {
      "version": "8.4.1",
      "resolved": "https://registry.npmjs.org/@faker-js/faker/-/faker-8.4.1.tgz",
      "integrity": "sha512-XQ3cU+Q8Uqmrbf2e0cIC/QN43sTBSC8KF12u29Mb47tWrt2hAgBXSgpZMj4Ao8Uk0iJcU99QsOCaIL8934obCg==",
      "dev": true,
      "funding": [
        {
          "type": "opencollective",
          "url": "https://opencollective.com/fakerjs"
        }
      ],
      "engines": {
        "node": "^14.17.0 || ^16.13.0 || >=18.0.0",
        "npm": ">=6.14.13"
      }
    },
    "node_modules/@types/node": {
      "version": "20.14.14",
      "resolved": "https://registry.npmjs.org/@types/node/-/node-20.14.14.tgz",
      "integrity": "sha512-d64f00982fS9YoOgJkAMolK7MN8Iq3TDdVjchbYHdEmjth/DHowx82GnoA+tVUAN+7vxfYUgAzi+JXbKNd2SDQ==",
      "dev": true,
      "dependencies": {
        "undici-types": "~5.26.4"
      }
    },
    "node_modules/csv-writer": {
      "version": "1.6.0",
      "resolved": "https://registry.npmjs.org/csv-writer/-/csv-writer-1.6.0.tgz",
      "integrity": "sha512-NOx7YDFWEsM/fTRAJjRpPp8t+MKRVvniAg9wQlUKx20MFrPs73WLJhFf5iteqrxNYnsy924K3Iroh3yNHeYd2g=="
    },
    "node_modules/fs": {
      "version": "0.0.1-security",
      "resolved": "https://registry.npmjs.org/fs/-/fs-0.0.1-security.tgz",
      "integrity": "sha512-3XY9e1pP0CVEUCdj5BmfIZxRBTSDycnbqhIOGec9QYtmVH2fbLpj86CFWkrNOkt/Fvty4KZG5lTglL9j/gJ87w=="
    },
    "node_modules/undici-types": {
      "version": "5.26.5",
      "resolved": "https://registry.npmjs.org/undici-types/-/undici-types-5.26.5.tgz",
      "integrity": "sha512-JlCMO+ehdEIKqlFxk6IfVoAUVmgz7cU7zD/h9XZ0qzeosSHmUJVOzSQvvYSYWXkFXC+IfLKSIffhv0sVZup6pA==",
      "dev": true
    }
  },
  "dependencies": {
    "@faker-js/faker": {
      "version": "8.4.1",
      "resolved": "https://registry.npmjs.org/@faker-js/faker/-/faker-8.4.1.tgz",
      "integrity": "sha512-XQ3cU+Q8Uqmrbf2e0cIC/QN43sTBSC8KF12u29Mb47tWrt2hAgBXSgpZMj4Ao8Uk0iJcU99QsOCaIL8934obCg==",
      "dev": true
    },
    "@types/node": {
      "version": "20.14.14",
      "resolved": "https://registry.npmjs.org/@types/node/-/node-20.14.14.tgz",
      "integrity": "sha512-d64f00982fS9YoOgJkAMolK7MN8Iq3TDdVjchbYHdEmjth/DHowx82GnoA+tVUAN+7vxfYUgAzi+JXbKNd2SDQ==",
      "dev": true,
      "requires": {
        "undici-types": "~5.26.4"
      }
    },
    "csv-writer": {
      "version": "1.6.0",
      "resolved": "https://registry.npmjs.org/csv-writer/-/csv-writer-1.6.0.tgz",
      "integrity": "sha512-NOx7YDFWEsM/fTRAJjRpPp8t+MKRVvniAg9wQlUKx20MFrPs73WLJhFf5iteqrxNYnsy924K3Iroh3yNHeYd2g=="
    },
    "fs": {
      "version": "0.0.1-security",
      "resolved": "https://registry.npmjs.org/fs/-/fs-0.0.1-security.tgz",
      "integrity": "sha512-3XY9e1pP0CVEUCdj5BmfIZxRBTSDycnbqhIOGec9QYtmVH2fbLpj86CFWkrNOkt/Fvty4KZG5lTglL9j/gJ87w=="
    },
    "undici-types": {
      "version": "5.26.5",
      "resolved": "https://registry.npmjs.org/undici-types/-/undici-types-5.26.5.tgz",
      "integrity": "sha512-JlCMO+ehdEIKqlFxk6IfVoAUVmgz7cU7zD/h9XZ0qzeosSHmUJVOzSQvvYSYWXkFXC+IfLKSIffhv0sVZup6pA==",
      "dev": true
    }
  }
}
